
Microsoft Visual Studio Solution File, Format Version 12.00
# Visual Studio Version 17
VisualStudioVersion = 17.1.32328.378
MinimumVisualStudioVersion = 10.0.40219.1
Project("{9A19103F-16F7-4668-BE54-9A1E7A4F7556}") = "FileHandling", "StreamOperation\FileHandling.csproj", "{9B6E2516-DC7A-44FE-8185-B115C99B17DD}"
EndProject
Global
	GlobalSection(SolutionConfigurationPlatforms) = preSolution
		Debug|Any CPU = Debug|Any CPU
		Release|Any CPU = Release|Any CPU
	EndGlobalSection
	GlobalSection(ProjectConfigurationPlatforms) = postSolution
		{9B6E2516-DC7A-44FE-8185-B115C99B17DD}.Debug|Any CPU.ActiveCfg = Debug|Any CPU
		{9B6E2516-DC7A-44FE-8185-B115C99B17DD}.Debug|Any CPU.Build.0 = Debug|Any CPU
		{9B6E2516-DC7A-44FE-8185-B115C99B17DD}.Release|Any CPU.ActiveCfg = Release|Any CPU
		{9B6E2516-DC7A-44FE-8185-B115C99B17DD}.Release|Any CPU.Build.0 = Release|Any CPU
	EndGlobalSection
	GlobalSection(SolutionProperties) = preSolution
		HideSolutionNode = FALSE
	EndGlobalSection
	GlobalSection(ExtensibilityGlobals) = postSolution
		SolutionGuid = {D1B040B6-C835-4FDC-8419-FD598155C967}
	EndGlobalSection
EndGlobal
